<?xml version="1.0" encoding="utf-8"?>
<Project ToolsVersion="4.0" xmlns="http://schemas.microsoft.com/developer/msbuild/2003">
  <ItemGroup>
    <Filter Include="Generated Files">
      <UniqueIdentifier>{71ED8ED8-ACB9-4CE9-BBE1-E00B30144E11}</UniqueIdentifier>
      <Extensions>cpp;c;cxx;moc;h;def;odl;idl;res;</Extensions>
    </Filter>
    <Filter Include="Generated Files">
      <UniqueIdentifier>{71ED8ED8-ACB9-4CE9-BBE1-E00B30144E11}</UniqueIdentifier>
      <Extensions>cpp;c;cxx;moc;h;def;odl;idl;res;</Extensions>
    </Filter>
    <Filter Include="Header Files">
      <UniqueIdentifier>{93995380-89BD-4b04-88EB-625FBE52EBFB}</UniqueIdentifier>
      <Extensions>h;hpp;hxx;hm;inl;inc;xsd</Extensions>
    </Filter>
    <Filter Include="Header Files">
      <UniqueIdentifier>{93995380-89BD-4b04-88EB-625FBE52EBFB}</UniqueIdentifier>
      <Extensions>h;hpp;hxx;hm;inl;inc;xsd</Extensions>
    </Filter>
    <Filter Include="Resource Files">
      <UniqueIdentifier>{D9D6E242-F8AF-46E4-B9FD-80ECBC20BA3E}</UniqueIdentifier>
      <Extensions>qrc;*</Extensions>
      <ParseFiles>false</ParseFiles>
    </Filter>
    <Filter Include="Resource Files">
      <UniqueIdentifier>{D9D6E242-F8AF-46E4-B9FD-80ECBC20BA3E}</UniqueIdentifier>
      <Extensions>qrc;*</Extensions>
      <ParseFiles>false</ParseFiles>
    </Filter>
    <Filter Include="Source Files">
      <UniqueIdentifier>{4FC737F1-C7A5-4376-A066-2A32D752A2FF}</UniqueIdentifier>
      <Extensions>cpp;c;cxx;def;odl;idl;hpj;bat;asm;asmx</Extensions>
    </Filter>
    <Filter Include="Source Files">
      <UniqueIdentifier>{4FC737F1-C7A5-4376-A066-2A32D752A2FF}</UniqueIdentifier>
      <Extensions>cpp;c;cxx;def;odl;idl;hpj;bat;asm;asmx</Extensions>
    </Filter>
    <Filter Include="Generated Files\Debug">
      <UniqueIdentifier>{efc32d95-fde2-4740-872e-d96d5f19e6f2}</UniqueIdentifier>
      <Extensions>cpp;moc</Extensions>
      <SourceControlFiles>False</SourceControlFiles>
    </Filter>
    <Filter Include="Generated Files\Release">
      <UniqueIdentifier>{ebe87fc9-ced1-42cc-8abd-10c25767c98b}</UniqueIdentifier>
      <Extensions>cpp;moc</Extensions>
      <SourceControlFiles>False</SourceControlFiles>
    </Filter>
  </ItemGroup>
  <ItemGroup>
    <ClCompile Include="src\circuits\gates\andgate.cpp">
      <Filter>Source Files</Filter>
    </ClCompile>
    <ClCompile Include="src\core\application.cpp">
      <Filter>Source Files</Filter>
    </ClCompile>
    <ClCompile Include="src\widgets\assetbrowser.cpp">
      <Filter>Source Files</Filter>
    </ClCompile>
    <ClCompile Include="src\circuits\circuit.cpp">
      <Filter>Source Files</Filter>
    </ClCompile>
    <ClCompile Include="src\controllers\circuit_view\circuit_tools\circuitaddcomponenttool.cpp">
      <Filter>Source Files</Filter>
    </ClCompile>
    <ClCompile Include="src\circuits\circuitcomponent.cpp">
      <Filter>Source Files</Filter>
    </ClCompile>
    <ClCompile Include="src\controllers\circuit_view\circuit_tools\circuitpantool.cpp">
      <Filter>Source Files</Filter>
    </ClCompile>
    <ClCompile Include="src\controllers\circuit_view\circuit_tools\circuitselecttool.cpp">
      <Filter>Source Files</Filter>
    </ClCompile>
    <ClCompile Include="src\circuits\circuitsignal.cpp">
      <Filter>Source Files</Filter>
    </ClCompile>
    <ClCompile Include="src\circuits\circuitsocket.cpp">
      <Filter>Source Files</Filter>
    </ClCompile>
    <ClCompile Include="src\controllers\circuit_view\circuit_tools\circuittool.cpp">
      <Filter>Source Files</Filter>
    </ClCompile>
    <ClCompile Include="src\widgets\circuitview.cpp">
      <Filter>Source Files</Filter>
    </ClCompile>
    <ClCompile Include="src\controllers\circuit_view\circuitviewcontroller.cpp">
      <Filter>Source Files</Filter>
    </ClCompile>
    <ClCompile Include="src\controllers\circuit_view\circuit_tools\circuitwiringtool.cpp">
      <Filter>Source Files</Filter>
    </ClCompile>
    <ClCompile Include="src\controllers\controller.cpp">
      <Filter>Source Files</Filter>
    </ClCompile>
    <ClCompile Include="src\utils\iconloader.cpp">
      <Filter>Source Files</Filter>
    </ClCompile>
    <ClCompile Include="src\circuits\inputs\inputpin.cpp">
      <Filter>Source Files</Filter>
    </ClCompile>
    <ClCompile Include="src\circuits\gates\logicgate.cpp">
      <Filter>Source Files</Filter>
    </ClCompile>
    <ClCompile Include="src\main.cpp">
      <Filter>Source Files</Filter>
    </ClCompile>
    <ClCompile Include="src\gui\mainwindow.cpp">
      <Filter>Source Files</Filter>
    </ClCompile>
    <ClCompile Include="src\widgets\mainwindowmenubar.cpp">
      <Filter>Source Files</Filter>
    </ClCompile>
    <ClCompile Include="src\widgets\mainwindowtoolbar.cpp">
      <Filter>Source Files</Filter>
    </ClCompile>
    <ClCompile Include="src\widgets\mainwindowui.cpp">
      <Filter>Source Files</Filter>
    </ClCompile>
    <ClCompile Include="src\utils\math.cpp">
      <Filter>Source Files</Filter>
    </ClCompile>
    <ClCompile Include="src\circuits\gates\nandgate.cpp">
      <Filter>Source Files</Filter>
    </ClCompile>
    <ClCompile Include="src\circuits\gates\norgate.cpp">
      <Filter>Source Files</Filter>
    </ClCompile>
    <ClCompile Include="src\circuits\gates\notgate.cpp">
      <Filter>Source Files</Filter>
    </ClCompile>
    <ClCompile Include="src\core\operations\operation.cpp">
      <Filter>Source Files</Filter>
    </ClCompile>
    <ClCompile Include="src\circuits\gates\orgate.cpp">
      <Filter>Source Files</Filter>
    </ClCompile>
    <ClCompile Include="src\circuits\outputs\outputpin.cpp">
      <Filter>Source Files</Filter>
    </ClCompile>
    <ClCompile Include="src\core\undoredostack.cpp">
      <Filter>Source Files</Filter>
    </ClCompile>
    <ClCompile Include="src\circuits\wiring\wire.cpp">
      <Filter>Source Files</Filter>
    </ClCompile>
    <ClCompile Include="src\circuits\gates\xnorgate.cpp">
      <Filter>Source Files</Filter>
    </ClCompile>
    <ClCompile Include="src\circuits\gates\xorgate.cpp">
      <Filter>Source Files</Filter>
    </ClCompile>
    <ClCompile Include="Debug\moc_andgate.cpp">
      <Filter>Generated Files\Debug</Filter>
    </ClCompile>
    <ClCompile Include="Release\moc_andgate.cpp">
      <Filter>Generated Files\Release</Filter>
    </ClCompile>
    <ClCompile Include="Debug\moc_assetbrowser.cpp">
      <Filter>Generated Files\Debug</Filter>
    </ClCompile>
    <ClCompile Include="Release\moc_assetbrowser.cpp">
      <Filter>Generated Files\Release</Filter>
    </ClCompile>
    <ClCompile Include="Debug\moc_circuit.cpp">
      <Filter>Generated Files\Debug</Filter>
    </ClCompile>
    <ClCompile Include="Release\moc_circuit.cpp">
      <Filter>Generated Files\Release</Filter>
    </ClCompile>
    <ClCompile Include="Debug\moc_circuitcomponent.cpp">
      <Filter>Generated Files\Debug</Filter>
    </ClCompile>
    <ClCompile Include="Release\moc_circuitcomponent.cpp">
      <Filter>Generated Files\Release</Filter>
    </ClCompile>
    <ClCompile Include="Debug\moc_circuitsocket.cpp">
      <Filter>Generated Files\Debug</Filter>
    </ClCompile>
    <ClCompile Include="Release\moc_circuitsocket.cpp">
      <Filter>Generated Files\Release</Filter>
    </ClCompile>
    <ClCompile Include="Debug\moc_circuitview.cpp">
      <Filter>Generated Files\Debug</Filter>
    </ClCompile>
    <ClCompile Include="Release\moc_circuitview.cpp">
      <Filter>Generated Files\Release</Filter>
    </ClCompile>
    <ClCompile Include="Debug\moc_circuitviewcontroller.cpp">
      <Filter>Generated Files\Debug</Filter>
    </ClCompile>
    <ClCompile Include="Release\moc_circuitviewcontroller.cpp">
      <Filter>Generated Files\Release</Filter>
    </ClCompile>
    <ClCompile Include="Debug\moc_controller.cpp">
      <Filter>Generated Files\Debug</Filter>
    </ClCompile>
    <ClCompile Include="Release\moc_controller.cpp">
      <Filter>Generated Files\Release</Filter>
    </ClCompile>
    <ClCompile Include="Debug\moc_inputpin.cpp">
      <Filter>Generated Files\Debug</Filter>
    </ClCompile>
    <ClCompile Include="Release\moc_inputpin.cpp">
      <Filter>Generated Files\Release</Filter>
    </ClCompile>
    <ClCompile Include="Debug\moc_logicgate.cpp">
      <Filter>Generated Files\Debug</Filter>
    </ClCompile>
    <ClCompile Include="Release\moc_logicgate.cpp">
      <Filter>Generated Files\Release</Filter>
    </ClCompile>
    <ClCompile Include="Debug\moc_mainwindow.cpp">
      <Filter>Generated Files\Debug</Filter>
    </ClCompile>
    <ClCompile Include="Release\moc_mainwindow.cpp">
      <Filter>Generated Files\Release</Filter>
    </ClCompile>
    <ClCompile Include="Debug\moc_mainwindowmenubar.cpp">
      <Filter>Generated Files\Debug</Filter>
    </ClCompile>
    <ClCompile Include="Release\moc_mainwindowmenubar.cpp">
      <Filter>Generated Files\Release</Filter>
    </ClCompile>
    <ClCompile Include="Debug\moc_mainwindowtoolbar.cpp">
      <Filter>Generated Files\Debug</Filter>
    </ClCompile>
    <ClCompile Include="Release\moc_mainwindowtoolbar.cpp">
      <Filter>Generated Files\Release</Filter>
    </ClCompile>
    <ClCompile Include="Debug\moc_mainwindowui.cpp">
      <Filter>Generated Files\Debug</Filter>
    </ClCompile>
    <ClCompile Include="Release\moc_mainwindowui.cpp">
      <Filter>Generated Files\Release</Filter>
    </ClCompile>
    <ClCompile Include="Debug\moc_nandgate.cpp">
      <Filter>Generated Files\Debug</Filter>
    </ClCompile>
    <ClCompile Include="Release\moc_nandgate.cpp">
      <Filter>Generated Files\Release</Filter>
    </ClCompile>
    <ClCompile Include="Debug\moc_norgate.cpp">
      <Filter>Generated Files\Debug</Filter>
    </ClCompile>
    <ClCompile Include="Release\moc_norgate.cpp">
      <Filter>Generated Files\Release</Filter>
    </ClCompile>
    <ClCompile Include="Debug\moc_notgate.cpp">
      <Filter>Generated Files\Debug</Filter>
    </ClCompile>
    <ClCompile Include="Release\moc_notgate.cpp">
      <Filter>Generated Files\Release</Filter>
    </ClCompile>
    <ClCompile Include="Debug\moc_orgate.cpp">
      <Filter>Generated Files\Debug</Filter>
    </ClCompile>
    <ClCompile Include="Release\moc_orgate.cpp">
      <Filter>Generated Files\Release</Filter>
    </ClCompile>
    <ClCompile Include="Debug\moc_outputpin.cpp">
      <Filter>Generated Files\Debug</Filter>
    </ClCompile>
    <ClCompile Include="Release\moc_outputpin.cpp">
      <Filter>Generated Files\Release</Filter>
    </ClCompile>
    <ClCompile Include="Debug\moc_wire.cpp">
      <Filter>Generated Files\Debug</Filter>
    </ClCompile>
    <ClCompile Include="Release\moc_wire.cpp">
      <Filter>Generated Files\Release</Filter>
    </ClCompile>
    <ClCompile Include="Debug\moc_xnorgate.cpp">
      <Filter>Generated Files\Debug</Filter>
    </ClCompile>
    <ClCompile Include="Release\moc_xnorgate.cpp">
      <Filter>Generated Files\Release</Filter>
    </ClCompile>
    <ClCompile Include="Debug\moc_xorgate.cpp">
      <Filter>Generated Files\Debug</Filter>
    </ClCompile>
    <ClCompile Include="Release\moc_xorgate.cpp">
      <Filter>Generated Files\Release</Filter>
    </ClCompile>
    <ClCompile Include="GeneratedFiles\qrc_resources.cpp">
      <Filter>Generated Files</Filter>
    </ClCompile>
  </ItemGroup>
  <ItemGroup>
    <CustomBuild Include="src\circuits\gates\andgate.h">
      <Filter>Header Files</Filter>
    </CustomBuild>
    <ClInclude Include="src\core\application.h">
      <Filter>Header Files</Filter>
    </ClInclude>
    <CustomBuild Include="src\widgets\assetbrowser.h">
      <Filter>Header Files</Filter>
    </CustomBuild>
    <CustomBuild Include="src\circuits\circuit.h">
      <Filter>Header Files</Filter>
    </CustomBuild>
    <ClInclude Include="src\controllers\circuit_view\circuit_tools\circuitaddcomponenttool.h">
      <Filter>Header Files</Filter>
    </ClInclude>
    <CustomBuild Include="src\circuits\circuitcomponent.h">
      <Filter>Header Files</Filter>
    </CustomBuild>
    <ClInclude Include="src\controllers\circuit_view\circuit_tools\circuitpantool.h">
      <Filter>Header Files</Filter>
    </ClInclude>
    <ClInclude Include="src\controllers\circuit_view\circuit_tools\circuitselecttool.h">
      <Filter>Header Files</Filter>
    </ClInclude>
    <ClInclude Include="src\circuits\circuitsignal.h">
      <Filter>Header Files</Filter>
    </ClInclude>
    <CustomBuild Include="src\circuits\circuitsocket.h">
      <Filter>Header Files</Filter>
    </CustomBuild>
    <ClInclude Include="src\controllers\circuit_view\circuit_tools\circuittool.h">
      <Filter>Header Files</Filter>
    </ClInclude>
    <CustomBuild Include="src\widgets\circuitview.h">
      <Filter>Header Files</Filter>
    </CustomBuild>
    <CustomBuild Include="src\controllers\circuit_view\circuitviewcontroller.h">
      <Filter>Header Files</Filter>
    </CustomBuild>
    <ClInclude Include="src\controllers\circuit_view\circuit_tools\circuitwiringtool.h">
      <Filter>Header Files</Filter>
    </ClInclude>
    <CustomBuild Include="src\controllers\controller.h">
      <Filter>Header Files</Filter>
    </CustomBuild>
    <ClInclude Include="src\utils\iconloader.h">
      <Filter>Header Files</Filter>
    </ClInclude>
    <CustomBuild Include="src\circuits\inputs\inputpin.h">
      <Filter>Header Files</Filter>
    </CustomBuild>
    <CustomBuild Include="src\circuits\gates\logicgate.h">
      <Filter>Header Files</Filter>
    </CustomBuild>
    <CustomBuild Include="src\gui\mainwindow.h">
      <Filter>Header Files</Filter>
    </CustomBuild>
    <CustomBuild Include="src\widgets\mainwindowmenubar.h">
      <Filter>Header Files</Filter>
    </CustomBuild>
    <CustomBuild Include="src\widgets\mainwindowtoolbar.h">
      <Filter>Header Files</Filter>
    </CustomBuild>
    <CustomBuild Include="src\widgets\mainwindowui.h">
      <Filter>Header Files</Filter>
    </CustomBuild>
    <ClInclude Include="src\utils\math.h">
      <Filter>Header Files</Filter>
    </ClInclude>
    <CustomBuild Include="src\circuits\gates\nandgate.h">
      <Filter>Header Files</Filter>
    </CustomBuild>
    <CustomBuild Include="src\circuits\gates\norgate.h">
      <Filter>Header Files</Filter>
    </CustomBuild>
    <CustomBuild Include="src\circuits\gates\notgate.h">
      <Filter>Header Files</Filter>
    </CustomBuild>
    <ClInclude Include="src\core\operations\operation.h">
      <Filter>Header Files</Filter>
    </ClInclude>
    <CustomBuild Include="src\circuits\gates\orgate.h">
      <Filter>Header Files</Filter>
    </CustomBuild>
    <CustomBuild Include="src\circuits\outputs\outputpin.h">
      <Filter>Header Files</Filter>
    </CustomBuild>
    <ClInclude Include="src\core\undoredostack.h">
      <Filter>Header Files</Filter>
    </ClInclude>
    <CustomBuild Include="src\circuits\wiring\wire.h">
      <Filter>Header Files</Filter>
    </CustomBuild>
    <CustomBuild Include="src\circuits\gates\xnorgate.h">
      <Filter>Header Files</Filter>
    </CustomBuild>
    <CustomBuild Include="src\circuits\gates\xorgate.h">
      <Filter>Header Files</Filter>
    </CustomBuild>
  </ItemGroup>
  <ItemGroup>
    <CustomBuild Include="debug\moc_predefs.h.cbt">
      <Filter>Generated Files</Filter>
    </CustomBuild>
    <CustomBuild Include="release\moc_predefs.h.cbt">
      <Filter>Generated Files</Filter>
    </CustomBuild>
  </ItemGroup>
  <ItemGroup>
    <None Include="resources\png\3_way_switch_right.png">
      <Filter>Resource Files</Filter>
    </None>
    <None Include="resources\svg\3_way_switch_right.svg">
      <Filter>Resource Files</Filter>
    </None>
    <None Include="resources\stylesheets\dark.css">
      <Filter>Resource Files</Filter>
    </None>
    <None Include="resources\svg\file-o.svg">
      <Filter>Resource Files</Filter>
    </None>
    <None Include="resources\svg\file.svg">
      <Filter>Resource Files</Filter>
    </None>
    <None Include="resources\svg\folder-open-o.svg">
      <Filter>Resource Files</Filter>
    </None>
    <None Include="resources\svg\folder-open.svg">
      <Filter>Resource Files</Filter>
    </None>
    <None Include="resources\png\gates.png">
      <Filter>Resource Files</Filter>
    </None>
    <None Include="resources\png\gates_accent.png">
      <Filter>Resource Files</Filter>
    </None>
    <None Include="resources\svg\hand-paper-o.svg">
      <Filter>Resource Files</Filter>
    </None>
    <None Include="resources\svg\mouse-pointer.svg">
      <Filter>Resource Files</Filter>
    </None>
    <None Include="resources\svg\resistor.svg">
      <Filter>Resource Files</Filter>
    </None>
    <CustomBuild Include="resources\resources.qrc">
      <Filter>Resource Files</Filter>
    </CustomBuild>
    <None Include="resources\svg\save.svg">
      <Filter>Resource Files</Filter>
    </None>
    <None Include="resources\svg\search-minus.svg">
      <Filter>Resource Files</Filter>
    </None>
    <None Include="resources\svg\search-plus.svg">
      <Filter>Resource Files</Filter>
    </None>
    <None Include="resources\svg\search.svg">
      <Filter>Resource Files</Filter>
    </None>
  </ItemGroup>
</Project>